{
  "name": "curtain_uniapp",
  "lockfileVersion": 2,
  "requires": true,
  "packages": {
    "": {
      "dependencies": {
        "dayjs": "^1.11.7",
        "json-bigint": "^1.0.0",
        "uview-ui": "^2.0.31"
      }
    },
    "node_modules/bignumber.js": {
      "version": "9.1.1",
      "resolved": "https://registry.npmmirror.com/bignumber.js/-/bignumber.js-9.1.1.tgz",
      "integrity": "sha512-pHm4LsMJ6lzgNGVfZHjMoO8sdoRhOzOH4MLmY65Jg70bpxCKu5iOHNJyfF6OyvYw7t8Fpf35RuzUyqnQsj8Vig==",
      "engines": {
        "node": "*"
      }
    },
    "node_modules/dayjs": {
      "version": "1.11.7",
      "resolved": "https://registry.npmmirror.com/dayjs/-/dayjs-1.11.7.tgz",
      "integrity": "sha512-+Yw9U6YO5TQohxLcIkrXBeY73WP3ejHWVvx8XCk3gxvQDCTEmS48ZrSZCKciI7Bhl/uCMyxYtE9UqRILmFphkQ=="
    },
    "node_modules/json-bigint": {
      "version": "1.0.0",
      "resolved": "https://registry.npmmirror.com/json-bigint/-/json-bigint-1.0.0.tgz",
      "integrity": "sha512-SiPv/8VpZuWbvLSMtTDU8hEfrZWg/mH/nV/b4o0CYbSxu1UIQPLdwKOCIyLQX+VIPO5vrLX3i8qtqFyhdPSUSQ==",
      "dependencies": {
        "bignumber.js": "^9.0.0"
      }
    },
    "node_modules/uview-ui": {
      "version": "2.0.31",
      "resolved": "https://registry.npmjs.org/uview-ui/-/uview-ui-2.0.31.tgz",
      "integrity": "sha512-I/0fGuvtiKHH/mBb864SGYk+SJ7WaF32tsBgYgeBOsxlUp+Th+Ac2tgz2cTvsQJl6eZYWsKZ3ixiSXCAcxZ8Sw==",
      "engines": {
        "HBuilderX": "^3.1.0"
      }
    }
  },
  "dependencies": {
    "bignumber.js": {
      "version": "9.1.1",
      "resolved": "https://registry.npmmirror.com/bignumber.js/-/bignumber.js-9.1.1.tgz",
      "integrity": "sha512-pHm4LsMJ6lzgNGVfZHjMoO8sdoRhOzOH4MLmY65Jg70bpxCKu5iOHNJyfF6OyvYw7t8Fpf35RuzUyqnQsj8Vig=="
    },
    "dayjs": {
      "version": "1.11.7",
      "resolved": "https://registry.npmmirror.com/dayjs/-/dayjs-1.11.7.tgz",
      "integrity": "sha512-+Yw9U6YO5TQohxLcIkrXBeY73WP3ejHWVvx8XCk3gxvQDCTEmS48ZrSZCKciI7Bhl/uCMyxYtE9UqRILmFphkQ=="
    },
    "json-bigint": {
      "version": "1.0.0",
      "resolved": "https://registry.npmmirror.com/json-bigint/-/json-bigint-1.0.0.tgz",
      "integrity": "sha512-SiPv/8VpZuWbvLSMtTDU8hEfrZWg/mH/nV/b4o0CYbSxu1UIQPLdwKOCIyLQX+VIPO5vrLX3i8qtqFyhdPSUSQ==",
      "requires": {
        "bignumber.js": "^9.0.0"
      }
    },
    "uview-ui": {
      "version": "2.0.31",
      "resolved": "https://registry.npmjs.org/uview-ui/-/uview-ui-2.0.31.tgz",
      "integrity": "sha512-I/0fGuvtiKHH/mBb864SGYk+SJ7WaF32tsBgYgeBOsxlUp+Th+Ac2tgz2cTvsQJl6eZYWsKZ3ixiSXCAcxZ8Sw=="
    }
  }
}
